// !$*UTF8*$!
{
	archiveVersion = 1;
	classes = {
	};
	objectVersion = 46;
	objects = {

/* Begin PBXBuildFile section */
		389D4B561CCEBEAB0051C256 /* main.cpp in Sources */ = {isa = PBXBuildFile; fileRef = 389D4B551CCEBEAB0051C256 /* main.cpp */; };
		389D4B5D1CCEBF320051C256 /* OpenGL.framework in Frameworks */ = {isa = PBXBuildFile; fileRef = 389D4B5C1CCEBF320051C256 /* OpenGL.framework */; };
		389D4B5F1CCEBF470051C256 /* GLUT.framework in Frameworks */ = {isa = PBXBuildFile; fileRef = 389D4B5E1CCEBF470051C256 /* GLUT.framework */; };
/* End PBXBuildFile section */

/* Begin PBXCopyFilesBuildPhase section */
		389D4B501CCEBEAB0051C256 /* CopyFiles */ = {
			isa = PBXCopyFilesBuildPhase;
			buildActionMask = 2147483647;
			dstPath = /usr/share/man/man1/;
			dstSubfolderSpec = 0;
			files = (
			);
			runOnlyForDeploymentPostprocessing = 1;
		};
/* End PBXCopyFilesBuildPhase section */

/* Begin PBXFileReference section */
		389D4B521CCEBEAB0051C256 /* virtualReality */ = {isa = PBXFileReference; explicitFileType = "compiled.mach-o.executable"; includeInIndex = 0; path = virtualReality; sourceTree = BUILT_PRODUCTS_DIR; };
		389D4B551CCEBEAB0051C256 /* main.cpp */ = {isa = PBXFileReference; lastKnownFileType = sourcecode.cpp.cpp; path = main.cpp; sourceTree = "<group>"; };
		389D4B5C1CCEBF320051C256 /* OpenGL.framework */ = {isa = PBXFileReference; lastKnownFileType = wrapper.framework; name = OpenGL.framework; path = ../../../../System/Library/Frameworks/OpenGL.framework; sourceTree = "<group>"; };
		389D4B5E1CCEBF470051C256 /* GLUT.framework */ = {isa = PBXFileReference; lastKnownFileType = wrapper.framework; name = GLUT.framework; path = ../../../../System/Library/Frameworks/GLUT.framework; sourceTree = "<group>"; };
/* End PBXFileReference section */

/* Begin PBXFrameworksBuildPhase section */
		389D4B4F1CCEBEAB0051C256 /* Frameworks */ = {
			isa = PBXFrameworksBuildPhase;
			buildActionMask = 2147483647;
			files = (
				389D4B5F1CCEBF470051C256 /* GLUT.framework in Frameworks */,
				389D4B5D1CCEBF320051C256 /* OpenGL.framework in Frameworks */,
			);
			runOnlyForDeploymentPostprocessing = 0;
		};
/* End PBXFrameworksBuildPhase section */

/* Begin PBXGroup section */
		389D4B491CCEBEAB0051C256 = {
			isa = PBXGroup;
			children = (
				389D4B5E1CCEBF470051C256 /* GLUT.framework */,
				389D4B5C1CCEBF320051C256 /* OpenGL.framework */,
				389D4B541CCEBEAB0051C256 /* virtualReality */,
				389D4B531CCEBEAB0051C256 /* Products */,
			);
			sourceTree = "<group>";
		};
		389D4B531CCEBEAB0051C256 /* Products */ = {
			isa = PBXGroup;
			children = (
				389D4B521CCEBEAB0051C256 /* virtualReality */,
			);
			name = Products;
			sourceTree = "<group>";
		};
		389D4B541CCEBEAB0051C256 /* virtualReality */ = {
			isa = PBXGroup;
			children = (
				389D4B551CCEBEAB0051C256 /* main.cpp */,
			);
			path = virtualReality;
			sourceTree = "<group>";
		};
/* End PBXGroup section */

/* Begin PBXNativeTarget section */
		389D4B511CCEBEAB0051C256 /* virtualReality */ = {
			isa = PBXNativeTarget;
			buildConfigurationList = 389D4B591CCEBEAB0051C256 /* Build configuration list for PBXNativeTarget "virtualReality" */;
			buildPhases = (
				389D4B4E1CCEBEAB0051C256 /* Sources */,
				389D4B4F1CCEBEAB0051C256 /* Frameworks */,
				389D4B501CCEBEAB0051C256 /* CopyFiles */,
			);
			buildRules = (
			);
			dependencies = (
			);
			name = virtualReality;
			productName = virtualReality;
			productReference = 389D4B521CCEBEAB0051C256 /* virtualReality */;
			productType = "com.apple.product-type.tool";
		};
/* End PBXNativeTarget section */

/* Begin PBXProject section */
		389D4B4A1CCEBEAB0051C256 /* Project object */ = {
			isa = PBXProject;
			attributes = {
				LastUpgradeCheck = 0720;
				ORGANIZATIONNAME = "Abhi Gupta";
				TargetAttributes = {
					389D4B511CCEBEAB0051C256 = {
						CreatedOnToolsVersion = 7.2.1;
					};
				};
			};
			buildConfigurationList = 389D4B4D1CCEBEAB0051C256 /* Build configuration list for PBXProject "virtualReality" */;
			compatibilityVersion = "Xcode 3.2";
			developmentRegion = English;
			hasScannedForEncodings = 0;
			knownRegions = (
				en,
			);
			mainGroup = 389D4B491CCEBEAB0051C256;
			productRefGroup = 389D4B531CCEBEAB0051C256 /* Products */;
			projectDirPath = "";
			projectRoot = "";
			targets = (
				389D4B511CCEBEAB0051C256 /* virtualReality */,
			);
		};
/* End PBXProject section */

/* Begin PBXSourcesBuildPhase section */
		389D4B4E1CCEBEAB0051C256 /* Sources */ = {
			isa = PBXSourcesBuildPhase;
			buildActionMask = 2147483647;
			files = (
				389D4B561CCEBEAB0051C256 /* main.cpp in Sources */,
			);
			runOnlyForDeploymentPostprocessing = 0;
		};
/* End PBXSourcesBuildPhase section */

/* Begin XCBuildConfiguration section */
		389D4B571CCEBEAB0051C256 /* Debug */ = {
			isa = XCBuildConfiguration;
			buildSettings = {
				ALWAYS_SEARCH_USER_PATHS = NO;
				CLANG_CXX_LANGUAGE_STANDARD = "gnu++0x";
				CLANG_CXX_LIBRARY = "libc++";
				CLANG_ENABLE_MODULES = YES;
				CLANG_ENABLE_OBJC_ARC = YES;
				CLANG_WARN_BOOL_CONVERSION = YES;
				CLANG_WARN_CONSTANT_CONVERSION = YES;
				CLANG_WARN_DIRECT_OBJC_ISA_USAGE = YES_ERROR;
				CLANG_WARN_EMPTY_BODY = YES;
				CLANG_WARN_ENUM_CONVERSION = YES;
				CLANG_WARN_INT_CONVERSION = YES;
				CLANG_WARN_OBJC_ROOT_CLASS = YES_ERROR;
				CLANG_WARN_UNREACHABLE_CODE = YES;
				CLANG_WARN__DUPLICATE_METHOD_MATCH = YES;
				CODE_SIGN_IDENTITY = "-";
				COPY_PHASE_STRIP = NO;
				DEBUG_INFORMATION_FORMAT = dwarf;
				ENABLE_STRICT_OBJC_MSGSEND = YES;
				ENABLE_TESTABILITY = YES;
				GCC_C_LANGUAGE_STANDARD = gnu99;
				GCC_DYNAMIC_NO_PIC = NO;
				GCC_NO_COMMON_BLOCKS = YES;
				GCC_OPTIMIZATION_LEVEL = 0;
				GCC_PREPROCESSOR_DEFINITIONS = (
					"DEBUG=1",
					"$(inherited)",
				);
				GCC_WARN_64_TO_32_BIT_CONVERSION = YES;
				GCC_WARN_ABOUT_RETURN_TYPE = YES_ERROR;
				GCC_WARN_UNDECLARED_SELECTOR = YES;
				GCC_WARN_UNINITIALIZED_AUTOS = YES_AGGRESSIVE;
				GCC_WARN_UNUSED_FUNCTION = YES;
				GCC_WARN_UNUSED_VARIABLE = YES;
				MACOSX_DEPLOYMENT_TARGET = 10.11;
				MTL_ENABLE_DEBUG_INFO = YES;
				ONLY_ACTIVE_ARCH = YES;
				SDKROOT = macosx;
			};
			name = Debug;
		};
		389D4B581CCEBEAB0051C256 /* Release */ = {
			isa = XCBuildConfiguration;
			buildSettings = {
				ALWAYS_SEARCH_USER_PATHS = NO;
				CLANG_CXX_LANGUAGE_STANDARD = "gnu++0x";
				CLANG_CXX_LIBRARY = "libc++";
				CLANG_ENABLE_MODULES = YES;
				CLANG_ENABLE_OBJC_ARC = YES;
				CLANG_WARN_BOOL_CONVERSION = YES;
				CLANG_WARN_CONSTANT_CONVERSION = YES;
				CLANG_WARN_DIRECT_OBJC_ISA_USAGE = YES_ERROR;
				CLANG_WARN_EMPTY_BODY = YES;
				CLANG_WARN_ENUM_CONVERSION = YES;
				CLANG_WARN_INT_CONVERSION = YES;
				CLANG_WARN_OBJC_ROOT_CLASS = YES_ERROR;
				CLANG_WARN_UNREACHABLE_CODE = YES;
				CLANG_WARN__DUPLICATE_METHOD_MATCH = YES;
				CODE_SIGN_IDENTITY = "-";
				COPY_PHASE_STRIP = NO;
				DEBUG_INFORMATION_FORMAT = "dwarf-with-dsym";
				ENABLE_NS_ASSERTIONS = NO;
				ENABLE_STRICT_OBJC_MSGSEND = YES;
				GCC_C_LANGUAGE_STANDARD = gnu99;
				GCC_NO_COMMON_BLOCKS = YES;
				GCC_WARN_64_TO_32_BIT_CONVERSION = YES;
				GCC_WARN_ABOUT_RETURN_TYPE = YES_ERROR;
				GCC_WARN_UNDECLARED_SELECTOR = YES;
				GCC_WARN_UNINITIALIZED_AUTOS = YES_AGGRESSIVE;
				GCC_WARN_UNUSED_FUNCTION = YES;
				GCC_WARN_UNUSED_VARIABLE = YES;
				MACOSX_DEPLOYMENT_TARGET = 10.11;
				MTL_ENABLE_DEBUG_INFO = NO;
				SDKROOT = macosx;
			};
			name = Release;
		};
		389D4B5A1CCEBEAB0051C256 /* Debug */ = {
			isa = XCBuildConfiguration;
			buildSettings = {
				HEADER_SEARCH_PATHS = (
					"\"/usr/local/include\"",
					"\"/opt/X11/include\"",
				);
				LIBRARY_SEARCH_PATHS = (
					"\"/usr/local/lib\"",
					"\"/opt/X11/lib\"",
				);
				OTHER_LDFLAGS = (
					"-lopencv_calib3d",
					"-lopencv_core",
					"-lopencv_features2d",
					"-lopencv_flann",
					"-lopencv_highgui",
					"-lopencv_imgcodecs",
					"-lopencv_imgproc",
					"-lopencv_ml",
					"-lopencv_objdetect",
					"-lopencv_photo",
					"-lopencv_shape",
					"-lopencv_stitching",
					"-lopencv_superres",
					"-lopencv_ts",
					"-lopencv_video",
					"-lopencv_videoio",
					"-lopencv_videostab",
				);
				PRODUCT_NAME = "$(TARGET_NAME)";
			};
			name = Debug;
		};
		389D4B5B1CCEBEAB0051C256 /* Release */ = {
			isa = XCBuildConfiguration;
			buildSettings = {
				HEADER_SEARCH_PATHS = (
					"\"/usr/local/include\"",
					"\"/opt/X11/include\"",
				);
				LIBRARY_SEARCH_PATHS = (
					"\"/usr/local/lib\"",
					"\"/opt/X11/lib\"",
				);
				OTHER_LDFLAGS = (
					"-lopencv_calib3d",
					"-lopencv_core",
					"-lopencv_features2d",
					"-lopencv_flann",
					"-lopencv_highgui",
					"-lopencv_imgcodecs",
					"-lopencv_imgproc",
					"-lopencv_ml",
					"-lopencv_objdetect",
					"-lopencv_photo",
					"-lopencv_shape",
					"-lopencv_stitching",
					"-lopencv_superres",
					"-lopencv_ts",
					"-lopencv_video",
					"-lopencv_videoio",
					"-lopencv_videostab",
				);
				PRODUCT_NAME = "$(TARGET_NAME)";
			};
			name = Release;
		};
/* End XCBuildConfiguration section */

/* Begin XCConfigurationList section */
		389D4B4D1CCEBEAB0051C256 /* Build configuration list for PBXProject "virtualReality" */ = {
			isa = XCConfigurationList;
			buildConfigurations = (
				389D4B571CCEBEAB0051C256 /* Debug */,
				389D4B581CCEBEAB0051C256 /* Release */,
			);
			defaultConfigurationIsVisible = 0;
			defaultConfigurationName = Release;
		};
		389D4B591CCEBEAB0051C256 /* Build configuration list for PBXNativeTarget "virtualReality" */ = {
			isa = XCConfigurationList;
			buildConfigurations = (
				389D4B5A1CCEBEAB0051C256 /* Debug */,
				389D4B5B1CCEBEAB0051C256 /* Release */,
			);
			defaultConfigurationIsVisible = 0;
		};
/* End XCConfigurationList section */
	};
	rootObject = 389D4B4A1CCEBEAB0051C256 /* Project object */;
}
